
Microsoft Visual Studio Solution File, Format Version 12.00
Project("{FAE04EC0-301F-11D3-BF4B-00C04F79EFBC}") = "crocodile-game", "crocodile-game\crocodile-game.csproj", "{F95AF632-49B0-4BF5-A3A1-E8DB44A75736}"
EndProject
Global
	GlobalSection(SolutionConfigurationPlatforms) = preSolution
		Debug|Any CPU = Debug|Any CPU
		Release|Any CPU = Release|Any CPU
	EndGlobalSection
	GlobalSection(ProjectConfigurationPlatforms) = postSolution
		{F95AF632-49B0-4BF5-A3A1-E8DB44A75736}.Debug|Any CPU.ActiveCfg = Debug|Any CPU
		{F95AF632-49B0-4BF5-A3A1-E8DB44A75736}.Debug|Any CPU.Build.0 = Debug|Any CPU
		{F95AF632-49B0-4BF5-A3A1-E8DB44A75736}.Release|Any CPU.ActiveCfg = Release|Any CPU
		{F95AF632-49B0-4BF5-A3A1-E8DB44A75736}.Release|Any CPU.Build.0 = Release|Any CPU
	EndGlobalSection
EndGlobal
