
Microsoft Visual Studio Solution File, Format Version 12.00
Project("{FAE04EC0-301F-11D3-BF4B-00C04F79EFBC}") = "friend-face", "friend-face\friend-face.csproj", "{956353B7-8B9D-4A82-8E4B-CC293401BD45}"
EndProject
Global
	GlobalSection(SolutionConfigurationPlatforms) = preSolution
		Debug|Any CPU = Debug|Any CPU
		Release|Any CPU = Release|Any CPU
	EndGlobalSection
	GlobalSection(ProjectConfigurationPlatforms) = postSolution
		{956353B7-8B9D-4A82-8E4B-CC293401BD45}.Debug|Any CPU.ActiveCfg = Debug|Any CPU
		{956353B7-8B9D-4A82-8E4B-CC293401BD45}.Debug|Any CPU.Build.0 = Debug|Any CPU
		{956353B7-8B9D-4A82-8E4B-CC293401BD45}.Release|Any CPU.ActiveCfg = Release|Any CPU
		{956353B7-8B9D-4A82-8E4B-CC293401BD45}.Release|Any CPU.Build.0 = Release|Any CPU
	EndGlobalSection
EndGlobal
