
Microsoft Visual Studio Solution File, Format Version 12.00
Project("{FAE04EC0-301F-11D3-BF4B-00C04F79EFBC}") = "ClassModelingBasics", "ClassModelingBasics\ClassModelingBasics.csproj", "{52B66096-78B6-469E-A04A-7A7FAFCCD43D}"
EndProject
Global
	GlobalSection(SolutionConfigurationPlatforms) = preSolution
		Debug|Any CPU = Debug|Any CPU
		Release|Any CPU = Release|Any CPU
	EndGlobalSection
	GlobalSection(ProjectConfigurationPlatforms) = postSolution
		{52B66096-78B6-469E-A04A-7A7FAFCCD43D}.Debug|Any CPU.ActiveCfg = Debug|Any CPU
		{52B66096-78B6-469E-A04A-7A7FAFCCD43D}.Debug|Any CPU.Build.0 = Debug|Any CPU
		{52B66096-78B6-469E-A04A-7A7FAFCCD43D}.Release|Any CPU.ActiveCfg = Release|Any CPU
		{52B66096-78B6-469E-A04A-7A7FAFCCD43D}.Release|Any CPU.Build.0 = Release|Any CPU
	EndGlobalSection
EndGlobal
